
Microsoft Visual Studio Solution File, Format Version 12.00
# Visual Studio Version 17
VisualStudioVersion = 17.9.34701.34
MinimumVisualStudioVersion = 10.0.40219.1
Project("{8BC9CEB8-8B4A-11D0-8D11-00A0C91BC942}") = "prg_3", "prg_3.vcxproj", "{AD29E11E-8DF5-4C43-9C56-467E4D4A6C5C}"
EndProject
Global
	GlobalSection(SolutionConfigurationPlatforms) = preSolution
		Debug|x64 = Debug|x64
		Debug|x86 = Debug|x86
		Release|x64 = Release|x64
		Release|x86 = Release|x86
	EndGlobalSection
	GlobalSection(ProjectConfigurationPlatforms) = postSolution
		{AD29E11E-8DF5-4C43-9C56-467E4D4A6C5C}.Debug|x64.ActiveCfg = Debug|x64
		{AD29E11E-8DF5-4C43-9C56-467E4D4A6C5C}.Debug|x64.Build.0 = Debug|x64
		{AD29E11E-8DF5-4C43-9C56-467E4D4A6C5C}.Debug|x86.ActiveCfg = Debug|Win32
		{AD29E11E-8DF5-4C43-9C56-467E4D4A6C5C}.Debug|x86.Build.0 = Debug|Win32
		{AD29E11E-8DF5-4C43-9C56-467E4D4A6C5C}.Release|x64.ActiveCfg = Release|x64
		{AD29E11E-8DF5-4C43-9C56-467E4D4A6C5C}.Release|x64.Build.0 = Release|x64
		{AD29E11E-8DF5-4C43-9C56-467E4D4A6C5C}.Release|x86.ActiveCfg = Release|Win32
		{AD29E11E-8DF5-4C43-9C56-467E4D4A6C5C}.Release|x86.Build.0 = Release|Win32
	EndGlobalSection
	GlobalSection(SolutionProperties) = preSolution
		HideSolutionNode = FALSE
	EndGlobalSection
	GlobalSection(ExtensibilityGlobals) = postSolution
		SolutionGuid = {86A54B40-4124-41CC-ACC7-1FD7C303EF44}
	EndGlobalSection
EndGlobal
